
Microsoft Visual Studio Solution File, Format Version 12.00
# Visual Studio Version 17
VisualStudioVersion = 17.7.34024.191
MinimumVisualStudioVersion = 10.0.40219.1
Project("{FAE04EC0-301F-11D3-BF4B-00C04F79EFBC}") = "Api", "Api\Api.csproj", "{A3E2F15C-7EDE-4CE4-91F0-7142ED5858D7}"
EndProject
Global
	GlobalSection(SolutionConfigurationPlatforms) = preSolution
		Debug|Any CPU = Debug|Any CPU
		Release|Any CPU = Release|Any CPU
	EndGlobalSection
	GlobalSection(ProjectConfigurationPlatforms) = postSolution
		{A3E2F15C-7EDE-4CE4-91F0-7142ED5858D7}.Debug|Any CPU.ActiveCfg = Debug|Any CPU
		{A3E2F15C-7EDE-4CE4-91F0-7142ED5858D7}.Debug|Any CPU.Build.0 = Debug|Any CPU
		{A3E2F15C-7EDE-4CE4-91F0-7142ED5858D7}.Release|Any CPU.ActiveCfg = Release|Any CPU
		{A3E2F15C-7EDE-4CE4-91F0-7142ED5858D7}.Release|Any CPU.Build.0 = Release|Any CPU
	EndGlobalSection
	GlobalSection(SolutionProperties) = preSolution
		HideSolutionNode = FALSE
	EndGlobalSection
	GlobalSection(ExtensibilityGlobals) = postSolution
		SolutionGuid = {D572CD14-29C5-42B1-84CC-A1E9E4BAAFE9}
	EndGlobalSection
EndGlobal
